
Microsoft Visual Studio Solution File, Format Version 12.00
# Visual Studio Version 17
VisualStudioVersion = 17.0.31903.59
MinimumVisualStudioVersion = 10.0.40219.1
Project("{FAE04EC0-301F-11D3-BF4B-00C04F79EFBC}") = "OnlineBookstore.Domain", "OnlineBookstore.Domain\OnlineBookstore.Domain.csproj", "{40FFC920-B174-48E5-86BD-57ACDD24407B}"
EndProject
Project("{FAE04EC0-301F-11D3-BF4B-00C04F79EFBC}") = "OnlineBookstore.Infrastructure", "OnlineBookstore.Infrastructure\OnlineBookstore.Infrastructure.csproj", "{4B8B8272-5867-4A61-9647-46B605B03E6A}"
EndProject
Project("{FAE04EC0-301F-11D3-BF4B-00C04F79EFBC}") = "OnlineBookstore.Application", "OnlineBookstore.Application\OnlineBookstore.Application.csproj", "{81A9EF19-5DAB-4C32-971F-45D5F81FBE71}"
EndProject
Project("{FAE04EC0-301F-11D3-BF4B-00C04F79EFBC}") = "OnlineBookstore.Api", "OnlineBookstore.Api\OnlineBookstore.Api.csproj", "{22091278-AE90-4A4E-B93C-1136C51D0B65}"
EndProject
Global
	GlobalSection(SolutionConfigurationPlatforms) = preSolution
		Debug|Any CPU = Debug|Any CPU
		Release|Any CPU = Release|Any CPU
	EndGlobalSection
	GlobalSection(SolutionProperties) = preSolution
		HideSolutionNode = FALSE
	EndGlobalSection
	GlobalSection(ProjectConfigurationPlatforms) = postSolution
		{40FFC920-B174-48E5-86BD-57ACDD24407B}.Debug|Any CPU.ActiveCfg = Debug|Any CPU
		{40FFC920-B174-48E5-86BD-57ACDD24407B}.Debug|Any CPU.Build.0 = Debug|Any CPU
		{40FFC920-B174-48E5-86BD-57ACDD24407B}.Release|Any CPU.ActiveCfg = Release|Any CPU
		{40FFC920-B174-48E5-86BD-57ACDD24407B}.Release|Any CPU.Build.0 = Release|Any CPU
		{4B8B8272-5867-4A61-9647-46B605B03E6A}.Debug|Any CPU.ActiveCfg = Debug|Any CPU
		{4B8B8272-5867-4A61-9647-46B605B03E6A}.Debug|Any CPU.Build.0 = Debug|Any CPU
		{4B8B8272-5867-4A61-9647-46B605B03E6A}.Release|Any CPU.ActiveCfg = Release|Any CPU
		{4B8B8272-5867-4A61-9647-46B605B03E6A}.Release|Any CPU.Build.0 = Release|Any CPU
		{81A9EF19-5DAB-4C32-971F-45D5F81FBE71}.Debug|Any CPU.ActiveCfg = Debug|Any CPU
		{81A9EF19-5DAB-4C32-971F-45D5F81FBE71}.Debug|Any CPU.Build.0 = Debug|Any CPU
		{81A9EF19-5DAB-4C32-971F-45D5F81FBE71}.Release|Any CPU.ActiveCfg = Release|Any CPU
		{81A9EF19-5DAB-4C32-971F-45D5F81FBE71}.Release|Any CPU.Build.0 = Release|Any CPU
		{22091278-AE90-4A4E-B93C-1136C51D0B65}.Debug|Any CPU.ActiveCfg = Debug|Any CPU
		{22091278-AE90-4A4E-B93C-1136C51D0B65}.Debug|Any CPU.Build.0 = Debug|Any CPU
		{22091278-AE90-4A4E-B93C-1136C51D0B65}.Release|Any CPU.ActiveCfg = Release|Any CPU
		{22091278-AE90-4A4E-B93C-1136C51D0B65}.Release|Any CPU.Build.0 = Release|Any CPU
	EndGlobalSection
EndGlobal
